// !$*UTF8*$!
{
	archiveVersion = 1;
	classes = {
	};
	objectVersion = 50;
	objects = {

/* Begin PBXBuildFile section */
		87C41FD92594148900A4DAB4 /* AppDelegate.swift in Sources */ = {isa = PBXBuildFile; fileRef = 87C41FD82594148900A4DAB4 /* AppDelegate.swift */; };
		87C41FDB2594148900A4DAB4 /* SceneDelegate.swift in Sources */ = {isa = PBXBuildFile; fileRef = 87C41FDA2594148900A4DAB4 /* SceneDelegate.swift */; };
		87C41FDD2594148900A4DAB4 /* ContentView.swift in Sources */ = {isa = PBXBuildFile; fileRef = 87C41FDC2594148900A4DAB4 /* ContentView.swift */; };
		87C41FE02594148900A4DAB4 /* Instafilter.xcdatamodeld in Sources */ = {isa = PBXBuildFile; fileRef = 87C41FDE2594148900A4DAB4 /* Instafilter.xcdatamodeld */; };
		87C41FE22594148C00A4DAB4 /* Assets.xcassets in Resources */ = {isa = PBXBuildFile; fileRef = 87C41FE12594148C00A4DAB4 /* Assets.xcassets */; };
		87C41FE52594148C00A4DAB4 /* Preview Assets.xcassets in Resources */ = {isa = PBXBuildFile; fileRef = 87C41FE42594148C00A4DAB4 /* Preview Assets.xcassets */; };
		87C41FE82594148C00A4DAB4 /* LaunchScreen.storyboard in Resources */ = {isa = PBXBuildFile; fileRef = 87C41FE62594148C00A4DAB4 /* LaunchScreen.storyboard */; };
		87C41FF32594148D00A4DAB4 /* InstafilterTests.swift in Sources */ = {isa = PBXBuildFile; fileRef = 87C41FF22594148D00A4DAB4 /* InstafilterTests.swift */; };
		87C41FFE2594148D00A4DAB4 /* InstafilterUITests.swift in Sources */ = {isa = PBXBuildFile; fileRef = 87C41FFD2594148D00A4DAB4 /* InstafilterUITests.swift */; };
		87C4200F2594457D00A4DAB4 /* ImagePicker.swift in Sources */ = {isa = PBXBuildFile; fileRef = 87C4200E2594457D00A4DAB4 /* ImagePicker.swift */; };
/* End PBXBuildFile section */

/* Begin PBXContainerItemProxy section */
		87C41FEF2594148C00A4DAB4 /* PBXContainerItemProxy */ = {
			isa = PBXContainerItemProxy;
			containerPortal = 87C41FCD2594148800A4DAB4 /* Project object */;
			proxyType = 1;
			remoteGlobalIDString = 87C41FD42594148800A4DAB4;
			remoteInfo = Instafilter;
		};
		87C41FFA2594148D00A4DAB4 /* PBXContainerItemProxy */ = {
			isa = PBXContainerItemProxy;
			containerPortal = 87C41FCD2594148800A4DAB4 /* Project object */;
			proxyType = 1;
			remoteGlobalIDString = 87C41FD42594148800A4DAB4;
			remoteInfo = Instafilter;
		};
/* End PBXContainerItemProxy section */

/* Begin PBXFileReference section */
		87C41FD52594148900A4DAB4 /* Instafilter.app */ = {isa = PBXFileReference; explicitFileType = wrapper.application; includeInIndex = 0; path = Instafilter.app; sourceTree = BUILT_PRODUCTS_DIR; };
		87C41FD82594148900A4DAB4 /* AppDelegate.swift */ = {isa = PBXFileReference; lastKnownFileType = sourcecode.swift; path = AppDelegate.swift; sourceTree = "<group>"; };
		87C41FDA2594148900A4DAB4 /* SceneDelegate.swift */ = {isa = PBXFileReference; lastKnownFileType = sourcecode.swift; path = SceneDelegate.swift; sourceTree = "<group>"; };
		87C41FDC2594148900A4DAB4 /* ContentView.swift */ = {isa = PBXFileReference; lastKnownFileType = sourcecode.swift; path = ContentView.swift; sourceTree = "<group>"; };
		87C41FDF2594148900A4DAB4 /* Instafilter.xcdatamodel */ = {isa = PBXFileReference; lastKnownFileType = wrapper.xcdatamodel; path = Instafilter.xcdatamodel; sourceTree = "<group>"; };
		87C41FE12594148C00A4DAB4 /* Assets.xcassets */ = {isa = PBXFileReference; lastKnownFileType = folder.assetcatalog; path = Assets.xcassets; sourceTree = "<group>"; };
		87C41FE42594148C00A4DAB4 /* Preview Assets.xcassets */ = {isa = PBXFileReference; lastKnownFileType = folder.assetcatalog; path = "Preview Assets.xcassets"; sourceTree = "<group>"; };
		87C41FE72594148C00A4DAB4 /* Base */ = {isa = PBXFileReference; lastKnownFileType = file.storyboard; name = Base; path = Base.lproj/LaunchScreen.storyboard; sourceTree = "<group>"; };
		87C41FE92594148C00A4DAB4 /* Info.plist */ = {isa = PBXFileReference; lastKnownFileType = text.plist.xml; path = Info.plist; sourceTree = "<group>"; };
		87C41FEE2594148C00A4DAB4 /* InstafilterTests.xctest */ = {isa = PBXFileReference; explicitFileType = wrapper.cfbundle; includeInIndex = 0; path = InstafilterTests.xctest; sourceTree = BUILT_PRODUCTS_DIR; };
		87C41FF22594148D00A4DAB4 /* InstafilterTests.swift */ = {isa = PBXFileReference; lastKnownFileType = sourcecode.swift; path = InstafilterTests.swift; sourceTree = "<group>"; };
		87C41FF42594148D00A4DAB4 /* Info.plist */ = {isa = PBXFileReference; lastKnownFileType = text.plist.xml; path = Info.plist; sourceTree = "<group>"; };
		87C41FF92594148D00A4DAB4 /* InstafilterUITests.xctest */ = {isa = PBXFileReference; explicitFileType = wrapper.cfbundle; includeInIndex = 0; path = InstafilterUITests.xctest; sourceTree = BUILT_PRODUCTS_DIR; };
		87C41FFD2594148D00A4DAB4 /* InstafilterUITests.swift */ = {isa = PBXFileReference; lastKnownFileType = sourcecode.swift; path = InstafilterUITests.swift; sourceTree = "<group>"; };
		87C41FFF2594148D00A4DAB4 /* Info.plist */ = {isa = PBXFileReference; lastKnownFileType = text.plist.xml; path = Info.plist; sourceTree = "<group>"; };
		87C4200E2594457D00A4DAB4 /* ImagePicker.swift */ = {isa = PBXFileReference; lastKnownFileType = sourcecode.swift; path = ImagePicker.swift; sourceTree = SOURCE_ROOT; };
/* End PBXFileReference section */

/* Begin PBXFrameworksBuildPhase section */
		87C41FD22594148800A4DAB4 /* Frameworks */ = {
			isa = PBXFrameworksBuildPhase;
			buildActionMask = 2147483647;
			files = (
			);
			runOnlyForDeploymentPostprocessing = 0;
		};
		87C41FEB2594148C00A4DAB4 /* Frameworks */ = {
			isa = PBXFrameworksBuildPhase;
			buildActionMask = 2147483647;
			files = (
			);
			runOnlyForDeploymentPostprocessing = 0;
		};
		87C41FF62594148D00A4DAB4 /* Frameworks */ = {
			isa = PBXFrameworksBuildPhase;
			buildActionMask = 2147483647;
			files = (
			);
			runOnlyForDeploymentPostprocessing = 0;
		};
/* End PBXFrameworksBuildPhase section */

/* Begin PBXGroup section */
		87C41FCC2594148800A4DAB4 = {
			isa = PBXGroup;
			children = (
				87C41FD72594148900A4DAB4 /* Instafilter */,
				87C41FF12594148D00A4DAB4 /* InstafilterTests */,
				87C41FFC2594148D00A4DAB4 /* InstafilterUITests */,
				87C41FD62594148900A4DAB4 /* Products */,
			);
			sourceTree = "<group>";
		};
		87C41FD62594148900A4DAB4 /* Products */ = {
			isa = PBXGroup;
			children = (
				87C41FD52594148900A4DAB4 /* Instafilter.app */,
				87C41FEE2594148C00A4DAB4 /* InstafilterTests.xctest */,
				87C41FF92594148D00A4DAB4 /* InstafilterUITests.xctest */,
			);
			name = Products;
			sourceTree = "<group>";
		};
		87C41FD72594148900A4DAB4 /* Instafilter */ = {
			isa = PBXGroup;
			children = (
				87C4200E2594457D00A4DAB4 /* ImagePicker.swift */,
				87C41FD82594148900A4DAB4 /* AppDelegate.swift */,
				87C41FDA2594148900A4DAB4 /* SceneDelegate.swift */,
				87C41FDC2594148900A4DAB4 /* ContentView.swift */,
				87C41FE12594148C00A4DAB4 /* Assets.xcassets */,
				87C41FE62594148C00A4DAB4 /* LaunchScreen.storyboard */,
				87C41FE92594148C00A4DAB4 /* Info.plist */,
				87C41FDE2594148900A4DAB4 /* Instafilter.xcdatamodeld */,
				87C41FE32594148C00A4DAB4 /* Preview Content */,
			);
			path = Instafilter;
			sourceTree = "<group>";
		};
		87C41FE32594148C00A4DAB4 /* Preview Content */ = {
			isa = PBXGroup;
			children = (
				87C41FE42594148C00A4DAB4 /* Preview Assets.xcassets */,
			);
			path = "Preview Content";
			sourceTree = "<group>";
		};
		87C41FF12594148D00A4DAB4 /* InstafilterTests */ = {
			isa = PBXGroup;
			children = (
				87C41FF22594148D00A4DAB4 /* InstafilterTests.swift */,
				87C41FF42594148D00A4DAB4 /* Info.plist */,
			);
			path = InstafilterTests;
			sourceTree = "<group>";
		};
		87C41FFC2594148D00A4DAB4 /* InstafilterUITests */ = {
			isa = PBXGroup;
			children = (
				87C41FFD2594148D00A4DAB4 /* InstafilterUITests.swift */,
				87C41FFF2594148D00A4DAB4 /* Info.plist */,
			);
			path = InstafilterUITests;
			sourceTree = "<group>";
		};
/* End PBXGroup section */

/* Begin PBXNativeTarget section */
		87C41FD42594148800A4DAB4 /* Instafilter */ = {
			isa = PBXNativeTarget;
			buildConfigurationList = 87C420022594148D00A4DAB4 /* Build configuration list for PBXNativeTarget "Instafilter" */;
			buildPhases = (
				87C41FD12594148800A4DAB4 /* Sources */,
				87C41FD22594148800A4DAB4 /* Frameworks */,
				87C41FD32594148800A4DAB4 /* Resources */,
			);
			buildRules = (
			);
			dependencies = (
			);
			name = Instafilter;
			productName = Instafilter;
			productReference = 87C41FD52594148900A4DAB4 /* Instafilter.app */;
			productType = "com.apple.product-type.application";
		};
		87C41FED2594148C00A4DAB4 /* InstafilterTests */ = {
			isa = PBXNativeTarget;
			buildConfigurationList = 87C420052594148D00A4DAB4 /* Build configuration list for PBXNativeTarget "InstafilterTests" */;
			buildPhases = (
				87C41FEA2594148C00A4DAB4 /* Sources */,
				87C41FEB2594148C00A4DAB4 /* Frameworks */,
				87C41FEC2594148C00A4DAB4 /* Resources */,
			);
			buildRules = (
			);
			dependencies = (
				87C41FF02594148C00A4DAB4 /* PBXTargetDependency */,
			);
			name = InstafilterTests;
			productName = InstafilterTests;
			productReference = 87C41FEE2594148C00A4DAB4 /* InstafilterTests.xctest */;
			productType = "com.apple.product-type.bundle.unit-test";
		};
		87C41FF82594148D00A4DAB4 /* InstafilterUITests */ = {
			isa = PBXNativeTarget;
			buildConfigurationList = 87C420082594148D00A4DAB4 /* Build configuration list for PBXNativeTarget "InstafilterUITests" */;
			buildPhases = (
				87C41FF52594148D00A4DAB4 /* Sources */,
				87C41FF62594148D00A4DAB4 /* Frameworks */,
				87C41FF72594148D00A4DAB4 /* Resources */,
			);
			buildRules = (
			);
			dependencies = (
				87C41FFB2594148D00A4DAB4 /* PBXTargetDependency */,
			);
			name = InstafilterUITests;
			productName = InstafilterUITests;
			productReference = 87C41FF92594148D00A4DAB4 /* InstafilterUITests.xctest */;
			productType = "com.apple.product-type.bundle.ui-testing";
		};
/* End PBXNativeTarget section */

/* Begin PBXProject section */
		87C41FCD2594148800A4DAB4 /* Project object */ = {
			isa = PBXProject;
			attributes = {
				LastSwiftUpdateCheck = 1230;
				LastUpgradeCheck = 1230;
				TargetAttributes = {
					87C41FD42594148800A4DAB4 = {
						CreatedOnToolsVersion = 12.3;
					};
					87C41FED2594148C00A4DAB4 = {
						CreatedOnToolsVersion = 12.3;
						TestTargetID = 87C41FD42594148800A4DAB4;
					};
					87C41FF82594148D00A4DAB4 = {
						CreatedOnToolsVersion = 12.3;
						TestTargetID = 87C41FD42594148800A4DAB4;
					};
				};
			};
			buildConfigurationList = 87C41FD02594148800A4DAB4 /* Build configuration list for PBXProject "Instafilter" */;
			compatibilityVersion = "Xcode 9.3";
			developmentRegion = en;
			hasScannedForEncodings = 0;
			knownRegions = (
				en,
				Base,
			);
			mainGroup = 87C41FCC2594148800A4DAB4;
			productRefGroup = 87C41FD62594148900A4DAB4 /* Products */;
			projectDirPath = "";
			projectRoot = "";
			targets = (
				87C41FD42594148800A4DAB4 /* Instafilter */,
				87C41FED2594148C00A4DAB4 /* InstafilterTests */,
				87C41FF82594148D00A4DAB4 /* InstafilterUITests */,
			);
		};
/* End PBXProject section */

/* Begin PBXResourcesBuildPhase section */
		87C41FD32594148800A4DAB4 /* Resources */ = {
			isa = PBXResourcesBuildPhase;
			buildActionMask = 2147483647;
			files = (
				87C41FE82594148C00A4DAB4 /* LaunchScreen.storyboard in Resources */,
				87C41FE52594148C00A4DAB4 /* Preview Assets.xcassets in Resources */,
				87C41FE22594148C00A4DAB4 /* Assets.xcassets in Resources */,
			);
			runOnlyForDeploymentPostprocessing = 0;
		};
		87C41FEC2594148C00A4DAB4 /* Resources */ = {
			isa = PBXResourcesBuildPhase;
			buildActionMask = 2147483647;
			files = (
			);
			runOnlyForDeploymentPostprocessing = 0;
		};
		87C41FF72594148D00A4DAB4 /* Resources */ = {
			isa = PBXResourcesBuildPhase;
			buildActionMask = 2147483647;
			files = (
			);
			runOnlyForDeploymentPostprocessing = 0;
		};
/* End PBXResourcesBuildPhase section */

/* Begin PBXSourcesBuildPhase section */
		87C41FD12594148800A4DAB4 /* Sources */ = {
			isa = PBXSourcesBuildPhase;
			buildActionMask = 2147483647;
			files = (
				87C41FD92594148900A4DAB4 /* AppDelegate.swift in Sources */,
				87C41FE02594148900A4DAB4 /* Instafilter.xcdatamodeld in Sources */,
				87C4200F2594457D00A4DAB4 /* ImagePicker.swift in Sources */,
				87C41FDB2594148900A4DAB4 /* SceneDelegate.swift in Sources */,
				87C41FDD2594148900A4DAB4 /* ContentView.swift in Sources */,
			);
			runOnlyForDeploymentPostprocessing = 0;
		};
		87C41FEA2594148C00A4DAB4 /* Sources */ = {
			isa = PBXSourcesBuildPhase;
			buildActionMask = 2147483647;
			files = (
				87C41FF32594148D00A4DAB4 /* InstafilterTests.swift in Sources */,
			);
			runOnlyForDeploymentPostprocessing = 0;
		};
		87C41FF52594148D00A4DAB4 /* Sources */ = {
			isa = PBXSourcesBuildPhase;
			buildActionMask = 2147483647;
			files = (
				87C41FFE2594148D00A4DAB4 /* InstafilterUITests.swift in Sources */,
			);
			runOnlyForDeploymentPostprocessing = 0;
		};
/* End PBXSourcesBuildPhase section */

/* Begin PBXTargetDependency section */
		87C41FF02594148C00A4DAB4 /* PBXTargetDependency */ = {
			isa = PBXTargetDependency;
			target = 87C41FD42594148800A4DAB4 /* Instafilter */;
			targetProxy = 87C41FEF2594148C00A4DAB4 /* PBXContainerItemProxy */;
		};
		87C41FFB2594148D00A4DAB4 /* PBXTargetDependency */ = {
			isa = PBXTargetDependency;
			target = 87C41FD42594148800A4DAB4 /* Instafilter */;
			targetProxy = 87C41FFA2594148D00A4DAB4 /* PBXContainerItemProxy */;
		};
/* End PBXTargetDependency section */

/* Begin PBXVariantGroup section */
		87C41FE62594148C00A4DAB4 /* LaunchScreen.storyboard */ = {
			isa = PBXVariantGroup;
			children = (
				87C41FE72594148C00A4DAB4 /* Base */,
			);
			name = LaunchScreen.storyboard;
			sourceTree = "<group>";
		};
/* End PBXVariantGroup section */

/* Begin XCBuildConfiguration section */
		87C420002594148D00A4DAB4 /* Debug */ = {
			isa = XCBuildConfiguration;
			buildSettings = {
				ALWAYS_SEARCH_USER_PATHS = NO;
				CLANG_ANALYZER_NONNULL = YES;
				CLANG_ANALYZER_NUMBER_OBJECT_CONVERSION = YES_AGGRESSIVE;
				CLANG_CXX_LANGUAGE_STANDARD = "gnu++14";
				CLANG_CXX_LIBRARY = "libc++";
				CLANG_ENABLE_MODULES = YES;
				CLANG_ENABLE_OBJC_ARC = YES;
				CLANG_ENABLE_OBJC_WEAK = YES;
				CLANG_WARN_BLOCK_CAPTURE_AUTORELEASING = YES;
				CLANG_WARN_BOOL_CONVERSION = YES;
				CLANG_WARN_COMMA = YES;
				CLANG_WARN_CONSTANT_CONVERSION = YES;
				CLANG_WARN_DEPRECATED_OBJC_IMPLEMENTATIONS = YES;
				CLANG_WARN_DIRECT_OBJC_ISA_USAGE = YES_ERROR;
				CLANG_WARN_DOCUMENTATION_COMMENTS = YES;
				CLANG_WARN_EMPTY_BODY = YES;
				CLANG_WARN_ENUM_CONVERSION = YES;
				CLANG_WARN_INFINITE_RECURSION = YES;
				CLANG_WARN_INT_CONVERSION = YES;
				CLANG_WARN_NON_LITERAL_NULL_CONVERSION = YES;
				CLANG_WARN_OBJC_IMPLICIT_RETAIN_SELF = YES;
				CLANG_WARN_OBJC_LITERAL_CONVERSION = YES;
				CLANG_WARN_OBJC_ROOT_CLASS = YES_ERROR;
				CLANG_WARN_QUOTED_INCLUDE_IN_FRAMEWORK_HEADER = YES;
				CLANG_WARN_RANGE_LOOP_ANALYSIS = YES;
				CLANG_WARN_STRICT_PROTOTYPES = YES;
				CLANG_WARN_SUSPICIOUS_MOVE = YES;
				CLANG_WARN_UNGUARDED_AVAILABILITY = YES_AGGRESSIVE;
				CLANG_WARN_UNREACHABLE_CODE = YES;
				CLANG_WARN__DUPLICATE_METHOD_MATCH = YES;
				COPY_PHASE_STRIP = NO;
				DEBUG_INFORMATION_FORMAT = dwarf;
				ENABLE_STRICT_OBJC_MSGSEND = YES;
				ENABLE_TESTABILITY = YES;
				GCC_C_LANGUAGE_STANDARD = gnu11;
				GCC_DYNAMIC_NO_PIC = NO;
				GCC_NO_COMMON_BLOCKS = YES;
				GCC_OPTIMIZATION_LEVEL = 0;
				GCC_PREPROCESSOR_DEFINITIONS = (
					"DEBUG=1",
					"$(inherited)",
				);
				GCC_WARN_64_TO_32_BIT_CONVERSION = YES;
				GCC_WARN_ABOUT_RETURN_TYPE = YES_ERROR;
				GCC_WARN_UNDECLARED_SELECTOR = YES;
				GCC_WARN_UNINITIALIZED_AUTOS = YES_AGGRESSIVE;
				GCC_WARN_UNUSED_FUNCTION = YES;
				GCC_WARN_UNUSED_VARIABLE = YES;
				IPHONEOS_DEPLOYMENT_TARGET = 14.3;
				MTL_ENABLE_DEBUG_INFO = INCLUDE_SOURCE;
				MTL_FAST_MATH = YES;
				ONLY_ACTIVE_ARCH = YES;
				SDKROOT = iphoneos;
				SWIFT_ACTIVE_COMPILATION_CONDITIONS = DEBUG;
				SWIFT_OPTIMIZATION_LEVEL = "-Onone";
			};
			name = Debug;
		};
		87C420012594148D00A4DAB4 /* Release */ = {
			isa = XCBuildConfiguration;
			buildSettings = {
				ALWAYS_SEARCH_USER_PATHS = NO;
				CLANG_ANALYZER_NONNULL = YES;
				CLANG_ANALYZER_NUMBER_OBJECT_CONVERSION = YES_AGGRESSIVE;
				CLANG_CXX_LANGUAGE_STANDARD = "gnu++14";
				CLANG_CXX_LIBRARY = "libc++";
				CLANG_ENABLE_MODULES = YES;
				CLANG_ENABLE_OBJC_ARC = YES;
				CLANG_ENABLE_OBJC_WEAK = YES;
				CLANG_WARN_BLOCK_CAPTURE_AUTORELEASING = YES;
				CLANG_WARN_BOOL_CONVERSION = YES;
				CLANG_WARN_COMMA = YES;
				CLANG_WARN_CONSTANT_CONVERSION = YES;
				CLANG_WARN_DEPRECATED_OBJC_IMPLEMENTATIONS = YES;
				CLANG_WARN_DIRECT_OBJC_ISA_USAGE = YES_ERROR;
				CLANG_WARN_DOCUMENTATION_COMMENTS = YES;
				CLANG_WARN_EMPTY_BODY = YES;
				CLANG_WARN_ENUM_CONVERSION = YES;
				CLANG_WARN_INFINITE_RECURSION = YES;
				CLANG_WARN_INT_CONVERSION = YES;
				CLANG_WARN_NON_LITERAL_NULL_CONVERSION = YES;
				CLANG_WARN_OBJC_IMPLICIT_RETAIN_SELF = YES;
				CLANG_WARN_OBJC_LITERAL_CONVERSION = YES;
				CLANG_WARN_OBJC_ROOT_CLASS = YES_ERROR;
				CLANG_WARN_QUOTED_INCLUDE_IN_FRAMEWORK_HEADER = YES;
				CLANG_WARN_RANGE_LOOP_ANALYSIS = YES;
				CLANG_WARN_STRICT_PROTOTYPES = YES;
				CLANG_WARN_SUSPICIOUS_MOVE = YES;
				CLANG_WARN_UNGUARDED_AVAILABILITY = YES_AGGRESSIVE;
				CLANG_WARN_UNREACHABLE_CODE = YES;
				CLANG_WARN__DUPLICATE_METHOD_MATCH = YES;
				COPY_PHASE_STRIP = NO;
				DEBUG_INFORMATION_FORMAT = "dwarf-with-dsym";
				ENABLE_NS_ASSERTIONS = NO;
				ENABLE_STRICT_OBJC_MSGSEND = YES;
				GCC_C_LANGUAGE_STANDARD = gnu11;
				GCC_NO_COMMON_BLOCKS = YES;
				GCC_WARN_64_TO_32_BIT_CONVERSION = YES;
				GCC_WARN_ABOUT_RETURN_TYPE = YES_ERROR;
				GCC_WARN_UNDECLARED_SELECTOR = YES;
				GCC_WARN_UNINITIALIZED_AUTOS = YES_AGGRESSIVE;
				GCC_WARN_UNUSED_FUNCTION = YES;
				GCC_WARN_UNUSED_VARIABLE = YES;
				IPHONEOS_DEPLOYMENT_TARGET = 14.3;
				MTL_ENABLE_DEBUG_INFO = NO;
				MTL_FAST_MATH = YES;
				SDKROOT = iphoneos;
				SWIFT_COMPILATION_MODE = wholemodule;
				SWIFT_OPTIMIZATION_LEVEL = "-O";
				VALIDATE_PRODUCT = YES;
			};
			name = Release;
		};
		87C420032594148D00A4DAB4 /* Debug */ = {
			isa = XCBuildConfiguration;
			buildSettings = {
				ASSETCATALOG_COMPILER_APPICON_NAME = AppIcon;
				ASSETCATALOG_COMPILER_GLOBAL_ACCENT_COLOR_NAME = AccentColor;
				CODE_SIGN_STYLE = Automatic;
				DEVELOPMENT_ASSET_PATHS = "\"Instafilter/Preview Content\"";
				DEVELOPMENT_TEAM = 2EDDZGZ55S;
				ENABLE_PREVIEWS = YES;
				INFOPLIST_FILE = Instafilter/Info.plist;
				LD_RUNPATH_SEARCH_PATHS = (
					"$(inherited)",
					"@executable_path/Frameworks",
				);
				PRODUCT_BUNDLE_IDENTIFIER = "jandaur.anmol-gmail.com.Instafilter";
				PRODUCT_NAME = "$(TARGET_NAME)";
				SWIFT_VERSION = 5.0;
				TARGETED_DEVICE_FAMILY = "1,2";
			};
			name = Debug;
		};
		87C420042594148D00A4DAB4 /* Release */ = {
			isa = XCBuildConfiguration;
			buildSettings = {
				ASSETCATALOG_COMPILER_APPICON_NAME = AppIcon;
				ASSETCATALOG_COMPILER_GLOBAL_ACCENT_COLOR_NAME = AccentColor;
				CODE_SIGN_STYLE = Automatic;
				DEVELOPMENT_ASSET_PATHS = "\"Instafilter/Preview Content\"";
				DEVELOPMENT_TEAM = 2EDDZGZ55S;
				ENABLE_PREVIEWS = YES;
				INFOPLIST_FILE = Instafilter/Info.plist;
				LD_RUNPATH_SEARCH_PATHS = (
					"$(inherited)",
					"@executable_path/Frameworks",
				);
				PRODUCT_BUNDLE_IDENTIFIER = "jandaur.anmol-gmail.com.Instafilter";
				PRODUCT_NAME = "$(TARGET_NAME)";
				SWIFT_VERSION = 5.0;
				TARGETED_DEVICE_FAMILY = "1,2";
			};
			name = Release;
		};
		87C420062594148D00A4DAB4 /* Debug */ = {
			isa = XCBuildConfiguration;
			buildSettings = {
				ALWAYS_EMBED_SWIFT_STANDARD_LIBRARIES = YES;
				BUNDLE_LOADER = "$(TEST_HOST)";
				CODE_SIGN_STYLE = Automatic;
				DEVELOPMENT_TEAM = 2EDDZGZ55S;
				INFOPLIST_FILE = InstafilterTests/Info.plist;
				IPHONEOS_DEPLOYMENT_TARGET = 14.3;
				LD_RUNPATH_SEARCH_PATHS = (
					"$(inherited)",
					"@executable_path/Frameworks",
					"@loader_path/Frameworks",
				);
				PRODUCT_BUNDLE_IDENTIFIER = "jandaur.anmol-gmail.com.InstafilterTests";
				PRODUCT_NAME = "$(TARGET_NAME)";
				SWIFT_VERSION = 5.0;
				TARGETED_DEVICE_FAMILY = "1,2";
				TEST_HOST = "$(BUILT_PRODUCTS_DIR)/Instafilter.app/Instafilter";
			};
			name = Debug;
		};
		87C420072594148D00A4DAB4 /* Release */ = {
			isa = XCBuildConfiguration;
			buildSettings = {
				ALWAYS_EMBED_SWIFT_STANDARD_LIBRARIES = YES;
				BUNDLE_LOADER = "$(TEST_HOST)";
				CODE_SIGN_STYLE = Automatic;
				DEVELOPMENT_TEAM = 2EDDZGZ55S;
				INFOPLIST_FILE = InstafilterTests/Info.plist;
				IPHONEOS_DEPLOYMENT_TARGET = 14.3;
				LD_RUNPATH_SEARCH_PATHS = (
					"$(inherited)",
					"@executable_path/Frameworks",
					"@loader_path/Frameworks",
				);
				PRODUCT_BUNDLE_IDENTIFIER = "jandaur.anmol-gmail.com.InstafilterTests";
				PRODUCT_NAME = "$(TARGET_NAME)";
				SWIFT_VERSION = 5.0;
				TARGETED_DEVICE_FAMILY = "1,2";
				TEST_HOST = "$(BUILT_PRODUCTS_DIR)/Instafilter.app/Instafilter";
			};
			name = Release;
		};
		87C420092594148D00A4DAB4 /* Debug */ = {
			isa = XCBuildConfiguration;
			buildSettings = {
				ALWAYS_EMBED_SWIFT_STANDARD_LIBRARIES = YES;
				CODE_SIGN_STYLE = Automatic;
				DEVELOPMENT_TEAM = 2EDDZGZ55S;
				INFOPLIST_FILE = InstafilterUITests/Info.plist;
				LD_RUNPATH_SEARCH_PATHS = (
					"$(inherited)",
					"@executable_path/Frameworks",
					"@loader_path/Frameworks",
				);
				PRODUCT_BUNDLE_IDENTIFIER = "jandaur.anmol-gmail.com.InstafilterUITests";
				PRODUCT_NAME = "$(TARGET_NAME)";
				SWIFT_VERSION = 5.0;
				TARGETED_DEVICE_FAMILY = "1,2";
				TEST_TARGET_NAME = Instafilter;
			};
			name = Debug;
		};
		87C4200A2594148D00A4DAB4 /* Release */ = {
			isa = XCBuildConfiguration;
			buildSettings = {
				ALWAYS_EMBED_SWIFT_STANDARD_LIBRARIES = YES;
				CODE_SIGN_STYLE = Automatic;
				DEVELOPMENT_TEAM = 2EDDZGZ55S;
				INFOPLIST_FILE = InstafilterUITests/Info.plist;
				LD_RUNPATH_SEARCH_PATHS = (
					"$(inherited)",
					"@executable_path/Frameworks",
					"@loader_path/Frameworks",
				);
				PRODUCT_BUNDLE_IDENTIFIER = "jandaur.anmol-gmail.com.InstafilterUITests";
				PRODUCT_NAME = "$(TARGET_NAME)";
				SWIFT_VERSION = 5.0;
				TARGETED_DEVICE_FAMILY = "1,2";
				TEST_TARGET_NAME = Instafilter;
			};
			name = Release;
		};
/* End XCBuildConfiguration section */

/* Begin XCConfigurationList section */
		87C41FD02594148800A4DAB4 /* Build configuration list for PBXProject "Instafilter" */ = {
			isa = XCConfigurationList;
			buildConfigurations = (
				87C420002594148D00A4DAB4 /* Debug */,
				87C420012594148D00A4DAB4 /* Release */,
			);
			defaultConfigurationIsVisible = 0;
			defaultConfigurationName = Release;
		};
		87C420022594148D00A4DAB4 /* Build configuration list for PBXNativeTarget "Instafilter" */ = {
			isa = XCConfigurationList;
			buildConfigurations = (
				87C420032594148D00A4DAB4 /* Debug */,
				87C420042594148D00A4DAB4 /* Release */,
			);
			defaultConfigurationIsVisible = 0;
			defaultConfigurationName = Release;
		};
		87C420052594148D00A4DAB4 /* Build configuration list for PBXNativeTarget "InstafilterTests" */ = {
			isa = XCConfigurationList;
			buildConfigurations = (
				87C420062594148D00A4DAB4 /* Debug */,
				87C420072594148D00A4DAB4 /* Release */,
			);
			defaultConfigurationIsVisible = 0;
			defaultConfigurationName = Release;
		};
		87C420082594148D00A4DAB4 /* Build configuration list for PBXNativeTarget "InstafilterUITests" */ = {
			isa = XCConfigurationList;
			buildConfigurations = (
				87C420092594148D00A4DAB4 /* Debug */,
				87C4200A2594148D00A4DAB4 /* Release */,
			);
			defaultConfigurationIsVisible = 0;
			defaultConfigurationName = Release;
		};
/* End XCConfigurationList section */

/* Begin XCVersionGroup section */
		87C41FDE2594148900A4DAB4 /* Instafilter.xcdatamodeld */ = {
			isa = XCVersionGroup;
			children = (
				87C41FDF2594148900A4DAB4 /* Instafilter.xcdatamodel */,
			);
			currentVersion = 87C41FDF2594148900A4DAB4 /* Instafilter.xcdatamodel */;
			path = Instafilter.xcdatamodeld;
			sourceTree = "<group>";
			versionGroupType = wrapper.xcdatamodel;
		};
/* End XCVersionGroup section */
	};
	rootObject = 87C41FCD2594148800A4DAB4 /* Project object */;
}
