// !$*UTF8*$!
{
	archiveVersion = 1;
	classes = {
	};
	objectVersion = 50;
	objects = {

/* Begin PBXBuildFile section */
		87810C562595D2FF000C080F /* AppDelegate.swift in Sources */ = {isa = PBXBuildFile; fileRef = 87810C552595D2FF000C080F /* AppDelegate.swift */; };
		87810C582595D2FF000C080F /* SceneDelegate.swift in Sources */ = {isa = PBXBuildFile; fileRef = 87810C572595D2FF000C080F /* SceneDelegate.swift */; };
		87810C5A2595D2FF000C080F /* ContentView.swift in Sources */ = {isa = PBXBuildFile; fileRef = 87810C592595D2FF000C080F /* ContentView.swift */; };
		87810C5D2595D2FF000C080F /* Instafilter.xcdatamodeld in Sources */ = {isa = PBXBuildFile; fileRef = 87810C5B2595D2FF000C080F /* Instafilter.xcdatamodeld */; };
		87810C5F2595D303000C080F /* Assets.xcassets in Resources */ = {isa = PBXBuildFile; fileRef = 87810C5E2595D303000C080F /* Assets.xcassets */; };
		87810C622595D303000C080F /* Preview Assets.xcassets in Resources */ = {isa = PBXBuildFile; fileRef = 87810C612595D303000C080F /* Preview Assets.xcassets */; };
		87810C652595D303000C080F /* LaunchScreen.storyboard in Resources */ = {isa = PBXBuildFile; fileRef = 87810C632595D303000C080F /* LaunchScreen.storyboard */; };
		87810C702595D303000C080F /* InstafilterTests.swift in Sources */ = {isa = PBXBuildFile; fileRef = 87810C6F2595D303000C080F /* InstafilterTests.swift */; };
		87810C7B2595D303000C080F /* InstafilterUITests.swift in Sources */ = {isa = PBXBuildFile; fileRef = 87810C7A2595D303000C080F /* InstafilterUITests.swift */; };
		87810C8C2595D322000C080F /* ImagePicker.swift in Sources */ = {isa = PBXBuildFile; fileRef = 87810C8B2595D322000C080F /* ImagePicker.swift */; };
		87810C92259707B7000C080F /* ImageSaver.swift in Sources */ = {isa = PBXBuildFile; fileRef = 87810C91259707B7000C080F /* ImageSaver.swift */; };
/* End PBXBuildFile section */

/* Begin PBXContainerItemProxy section */
		87810C6C2595D303000C080F /* PBXContainerItemProxy */ = {
			isa = PBXContainerItemProxy;
			containerPortal = 87810C4A2595D2FF000C080F /* Project object */;
			proxyType = 1;
			remoteGlobalIDString = 87810C512595D2FF000C080F;
			remoteInfo = Instafilter;
		};
		87810C772595D303000C080F /* PBXContainerItemProxy */ = {
			isa = PBXContainerItemProxy;
			containerPortal = 87810C4A2595D2FF000C080F /* Project object */;
			proxyType = 1;
			remoteGlobalIDString = 87810C512595D2FF000C080F;
			remoteInfo = Instafilter;
		};
/* End PBXContainerItemProxy section */

/* Begin PBXFileReference section */
		87810C522595D2FF000C080F /* Instafilter.app */ = {isa = PBXFileReference; explicitFileType = wrapper.application; includeInIndex = 0; path = Instafilter.app; sourceTree = BUILT_PRODUCTS_DIR; };
		87810C552595D2FF000C080F /* AppDelegate.swift */ = {isa = PBXFileReference; lastKnownFileType = sourcecode.swift; path = AppDelegate.swift; sourceTree = "<group>"; };
		87810C572595D2FF000C080F /* SceneDelegate.swift */ = {isa = PBXFileReference; lastKnownFileType = sourcecode.swift; path = SceneDelegate.swift; sourceTree = "<group>"; };
		87810C592595D2FF000C080F /* ContentView.swift */ = {isa = PBXFileReference; lastKnownFileType = sourcecode.swift; path = ContentView.swift; sourceTree = "<group>"; };
		87810C5C2595D2FF000C080F /* Instafilter.xcdatamodel */ = {isa = PBXFileReference; lastKnownFileType = wrapper.xcdatamodel; path = Instafilter.xcdatamodel; sourceTree = "<group>"; };
		87810C5E2595D303000C080F /* Assets.xcassets */ = {isa = PBXFileReference; lastKnownFileType = folder.assetcatalog; path = Assets.xcassets; sourceTree = "<group>"; };
		87810C612595D303000C080F /* Preview Assets.xcassets */ = {isa = PBXFileReference; lastKnownFileType = folder.assetcatalog; path = "Preview Assets.xcassets"; sourceTree = "<group>"; };
		87810C642595D303000C080F /* Base */ = {isa = PBXFileReference; lastKnownFileType = file.storyboard; name = Base; path = Base.lproj/LaunchScreen.storyboard; sourceTree = "<group>"; };
		87810C662595D303000C080F /* Info.plist */ = {isa = PBXFileReference; lastKnownFileType = text.plist.xml; path = Info.plist; sourceTree = "<group>"; };
		87810C6B2595D303000C080F /* InstafilterTests.xctest */ = {isa = PBXFileReference; explicitFileType = wrapper.cfbundle; includeInIndex = 0; path = InstafilterTests.xctest; sourceTree = BUILT_PRODUCTS_DIR; };
		87810C6F2595D303000C080F /* InstafilterTests.swift */ = {isa = PBXFileReference; lastKnownFileType = sourcecode.swift; path = InstafilterTests.swift; sourceTree = "<group>"; };
		87810C712595D303000C080F /* Info.plist */ = {isa = PBXFileReference; lastKnownFileType = text.plist.xml; path = Info.plist; sourceTree = "<group>"; };
		87810C762595D303000C080F /* InstafilterUITests.xctest */ = {isa = PBXFileReference; explicitFileType = wrapper.cfbundle; includeInIndex = 0; path = InstafilterUITests.xctest; sourceTree = BUILT_PRODUCTS_DIR; };
		87810C7A2595D303000C080F /* InstafilterUITests.swift */ = {isa = PBXFileReference; lastKnownFileType = sourcecode.swift; path = InstafilterUITests.swift; sourceTree = "<group>"; };
		87810C7C2595D303000C080F /* Info.plist */ = {isa = PBXFileReference; lastKnownFileType = text.plist.xml; path = Info.plist; sourceTree = "<group>"; };
		87810C8B2595D322000C080F /* ImagePicker.swift */ = {isa = PBXFileReference; lastKnownFileType = sourcecode.swift; path = ImagePicker.swift; sourceTree = "<group>"; };
		87810C91259707B7000C080F /* ImageSaver.swift */ = {isa = PBXFileReference; lastKnownFileType = sourcecode.swift; path = ImageSaver.swift; sourceTree = "<group>"; };
/* End PBXFileReference section */

/* Begin PBXFrameworksBuildPhase section */
		87810C4F2595D2FF000C080F /* Frameworks */ = {
			isa = PBXFrameworksBuildPhase;
			buildActionMask = 2147483647;
			files = (
			);
			runOnlyForDeploymentPostprocessing = 0;
		};
		87810C682595D303000C080F /* Frameworks */ = {
			isa = PBXFrameworksBuildPhase;
			buildActionMask = 2147483647;
			files = (
			);
			runOnlyForDeploymentPostprocessing = 0;
		};
		87810C732595D303000C080F /* Frameworks */ = {
			isa = PBXFrameworksBuildPhase;
			buildActionMask = 2147483647;
			files = (
			);
			runOnlyForDeploymentPostprocessing = 0;
		};
/* End PBXFrameworksBuildPhase section */

/* Begin PBXGroup section */
		87810C492595D2FF000C080F = {
			isa = PBXGroup;
			children = (
				87810C542595D2FF000C080F /* Instafilter */,
				87810C6E2595D303000C080F /* InstafilterTests */,
				87810C792595D303000C080F /* InstafilterUITests */,
				87810C532595D2FF000C080F /* Products */,
			);
			sourceTree = "<group>";
		};
		87810C532595D2FF000C080F /* Products */ = {
			isa = PBXGroup;
			children = (
				87810C522595D2FF000C080F /* Instafilter.app */,
				87810C6B2595D303000C080F /* InstafilterTests.xctest */,
				87810C762595D303000C080F /* InstafilterUITests.xctest */,
			);
			name = Products;
			sourceTree = "<group>";
		};
		87810C542595D2FF000C080F /* Instafilter */ = {
			isa = PBXGroup;
			children = (
				87810C552595D2FF000C080F /* AppDelegate.swift */,
				87810C91259707B7000C080F /* ImageSaver.swift */,
				87810C572595D2FF000C080F /* SceneDelegate.swift */,
				87810C592595D2FF000C080F /* ContentView.swift */,
				87810C8B2595D322000C080F /* ImagePicker.swift */,
				87810C5E2595D303000C080F /* Assets.xcassets */,
				87810C632595D303000C080F /* LaunchScreen.storyboard */,
				87810C662595D303000C080F /* Info.plist */,
				87810C5B2595D2FF000C080F /* Instafilter.xcdatamodeld */,
				87810C602595D303000C080F /* Preview Content */,
			);
			path = Instafilter;
			sourceTree = "<group>";
		};
		87810C602595D303000C080F /* Preview Content */ = {
			isa = PBXGroup;
			children = (
				87810C612595D303000C080F /* Preview Assets.xcassets */,
			);
			path = "Preview Content";
			sourceTree = "<group>";
		};
		87810C6E2595D303000C080F /* InstafilterTests */ = {
			isa = PBXGroup;
			children = (
				87810C6F2595D303000C080F /* InstafilterTests.swift */,
				87810C712595D303000C080F /* Info.plist */,
			);
			path = InstafilterTests;
			sourceTree = "<group>";
		};
		87810C792595D303000C080F /* InstafilterUITests */ = {
			isa = PBXGroup;
			children = (
				87810C7A2595D303000C080F /* InstafilterUITests.swift */,
				87810C7C2595D303000C080F /* Info.plist */,
			);
			path = InstafilterUITests;
			sourceTree = "<group>";
		};
/* End PBXGroup section */

/* Begin PBXNativeTarget section */
		87810C512595D2FF000C080F /* Instafilter */ = {
			isa = PBXNativeTarget;
			buildConfigurationList = 87810C7F2595D303000C080F /* Build configuration list for PBXNativeTarget "Instafilter" */;
			buildPhases = (
				87810C4E2595D2FF000C080F /* Sources */,
				87810C4F2595D2FF000C080F /* Frameworks */,
				87810C502595D2FF000C080F /* Resources */,
			);
			buildRules = (
			);
			dependencies = (
			);
			name = Instafilter;
			productName = Instafilter;
			productReference = 87810C522595D2FF000C080F /* Instafilter.app */;
			productType = "com.apple.product-type.application";
		};
		87810C6A2595D303000C080F /* InstafilterTests */ = {
			isa = PBXNativeTarget;
			buildConfigurationList = 87810C822595D303000C080F /* Build configuration list for PBXNativeTarget "InstafilterTests" */;
			buildPhases = (
				87810C672595D303000C080F /* Sources */,
				87810C682595D303000C080F /* Frameworks */,
				87810C692595D303000C080F /* Resources */,
			);
			buildRules = (
			);
			dependencies = (
				87810C6D2595D303000C080F /* PBXTargetDependency */,
			);
			name = InstafilterTests;
			productName = InstafilterTests;
			productReference = 87810C6B2595D303000C080F /* InstafilterTests.xctest */;
			productType = "com.apple.product-type.bundle.unit-test";
		};
		87810C752595D303000C080F /* InstafilterUITests */ = {
			isa = PBXNativeTarget;
			buildConfigurationList = 87810C852595D303000C080F /* Build configuration list for PBXNativeTarget "InstafilterUITests" */;
			buildPhases = (
				87810C722595D303000C080F /* Sources */,
				87810C732595D303000C080F /* Frameworks */,
				87810C742595D303000C080F /* Resources */,
			);
			buildRules = (
			);
			dependencies = (
				87810C782595D303000C080F /* PBXTargetDependency */,
			);
			name = InstafilterUITests;
			productName = InstafilterUITests;
			productReference = 87810C762595D303000C080F /* InstafilterUITests.xctest */;
			productType = "com.apple.product-type.bundle.ui-testing";
		};
/* End PBXNativeTarget section */

/* Begin PBXProject section */
		87810C4A2595D2FF000C080F /* Project object */ = {
			isa = PBXProject;
			attributes = {
				LastSwiftUpdateCheck = 1230;
				LastUpgradeCheck = 1230;
				TargetAttributes = {
					87810C512595D2FF000C080F = {
						CreatedOnToolsVersion = 12.3;
					};
					87810C6A2595D303000C080F = {
						CreatedOnToolsVersion = 12.3;
						TestTargetID = 87810C512595D2FF000C080F;
					};
					87810C752595D303000C080F = {
						CreatedOnToolsVersion = 12.3;
						TestTargetID = 87810C512595D2FF000C080F;
					};
				};
			};
			buildConfigurationList = 87810C4D2595D2FF000C080F /* Build configuration list for PBXProject "Instafilter" */;
			compatibilityVersion = "Xcode 9.3";
			developmentRegion = en;
			hasScannedForEncodings = 0;
			knownRegions = (
				en,
				Base,
			);
			mainGroup = 87810C492595D2FF000C080F;
			productRefGroup = 87810C532595D2FF000C080F /* Products */;
			projectDirPath = "";
			projectRoot = "";
			targets = (
				87810C512595D2FF000C080F /* Instafilter */,
				87810C6A2595D303000C080F /* InstafilterTests */,
				87810C752595D303000C080F /* InstafilterUITests */,
			);
		};
/* End PBXProject section */

/* Begin PBXResourcesBuildPhase section */
		87810C502595D2FF000C080F /* Resources */ = {
			isa = PBXResourcesBuildPhase;
			buildActionMask = 2147483647;
			files = (
				87810C652595D303000C080F /* LaunchScreen.storyboard in Resources */,
				87810C622595D303000C080F /* Preview Assets.xcassets in Resources */,
				87810C5F2595D303000C080F /* Assets.xcassets in Resources */,
			);
			runOnlyForDeploymentPostprocessing = 0;
		};
		87810C692595D303000C080F /* Resources */ = {
			isa = PBXResourcesBuildPhase;
			buildActionMask = 2147483647;
			files = (
			);
			runOnlyForDeploymentPostprocessing = 0;
		};
		87810C742595D303000C080F /* Resources */ = {
			isa = PBXResourcesBuildPhase;
			buildActionMask = 2147483647;
			files = (
			);
			runOnlyForDeploymentPostprocessing = 0;
		};
/* End PBXResourcesBuildPhase section */

/* Begin PBXSourcesBuildPhase section */
		87810C4E2595D2FF000C080F /* Sources */ = {
			isa = PBXSourcesBuildPhase;
			buildActionMask = 2147483647;
			files = (
				87810C92259707B7000C080F /* ImageSaver.swift in Sources */,
				87810C562595D2FF000C080F /* AppDelegate.swift in Sources */,
				87810C5D2595D2FF000C080F /* Instafilter.xcdatamodeld in Sources */,
				87810C8C2595D322000C080F /* ImagePicker.swift in Sources */,
				87810C582595D2FF000C080F /* SceneDelegate.swift in Sources */,
				87810C5A2595D2FF000C080F /* ContentView.swift in Sources */,
			);
			runOnlyForDeploymentPostprocessing = 0;
		};
		87810C672595D303000C080F /* Sources */ = {
			isa = PBXSourcesBuildPhase;
			buildActionMask = 2147483647;
			files = (
				87810C702595D303000C080F /* InstafilterTests.swift in Sources */,
			);
			runOnlyForDeploymentPostprocessing = 0;
		};
		87810C722595D303000C080F /* Sources */ = {
			isa = PBXSourcesBuildPhase;
			buildActionMask = 2147483647;
			files = (
				87810C7B2595D303000C080F /* InstafilterUITests.swift in Sources */,
			);
			runOnlyForDeploymentPostprocessing = 0;
		};
/* End PBXSourcesBuildPhase section */

/* Begin PBXTargetDependency section */
		87810C6D2595D303000C080F /* PBXTargetDependency */ = {
			isa = PBXTargetDependency;
			target = 87810C512595D2FF000C080F /* Instafilter */;
			targetProxy = 87810C6C2595D303000C080F /* PBXContainerItemProxy */;
		};
		87810C782595D303000C080F /* PBXTargetDependency */ = {
			isa = PBXTargetDependency;
			target = 87810C512595D2FF000C080F /* Instafilter */;
			targetProxy = 87810C772595D303000C080F /* PBXContainerItemProxy */;
		};
/* End PBXTargetDependency section */

/* Begin PBXVariantGroup section */
		87810C632595D303000C080F /* LaunchScreen.storyboard */ = {
			isa = PBXVariantGroup;
			children = (
				87810C642595D303000C080F /* Base */,
			);
			name = LaunchScreen.storyboard;
			sourceTree = "<group>";
		};
/* End PBXVariantGroup section */

/* Begin XCBuildConfiguration section */
		87810C7D2595D303000C080F /* Debug */ = {
			isa = XCBuildConfiguration;
			buildSettings = {
				ALWAYS_SEARCH_USER_PATHS = NO;
				CLANG_ANALYZER_NONNULL = YES;
				CLANG_ANALYZER_NUMBER_OBJECT_CONVERSION = YES_AGGRESSIVE;
				CLANG_CXX_LANGUAGE_STANDARD = "gnu++14";
				CLANG_CXX_LIBRARY = "libc++";
				CLANG_ENABLE_MODULES = YES;
				CLANG_ENABLE_OBJC_ARC = YES;
				CLANG_ENABLE_OBJC_WEAK = YES;
				CLANG_WARN_BLOCK_CAPTURE_AUTORELEASING = YES;
				CLANG_WARN_BOOL_CONVERSION = YES;
				CLANG_WARN_COMMA = YES;
				CLANG_WARN_CONSTANT_CONVERSION = YES;
				CLANG_WARN_DEPRECATED_OBJC_IMPLEMENTATIONS = YES;
				CLANG_WARN_DIRECT_OBJC_ISA_USAGE = YES_ERROR;
				CLANG_WARN_DOCUMENTATION_COMMENTS = YES;
				CLANG_WARN_EMPTY_BODY = YES;
				CLANG_WARN_ENUM_CONVERSION = YES;
				CLANG_WARN_INFINITE_RECURSION = YES;
				CLANG_WARN_INT_CONVERSION = YES;
				CLANG_WARN_NON_LITERAL_NULL_CONVERSION = YES;
				CLANG_WARN_OBJC_IMPLICIT_RETAIN_SELF = YES;
				CLANG_WARN_OBJC_LITERAL_CONVERSION = YES;
				CLANG_WARN_OBJC_ROOT_CLASS = YES_ERROR;
				CLANG_WARN_QUOTED_INCLUDE_IN_FRAMEWORK_HEADER = YES;
				CLANG_WARN_RANGE_LOOP_ANALYSIS = YES;
				CLANG_WARN_STRICT_PROTOTYPES = YES;
				CLANG_WARN_SUSPICIOUS_MOVE = YES;
				CLANG_WARN_UNGUARDED_AVAILABILITY = YES_AGGRESSIVE;
				CLANG_WARN_UNREACHABLE_CODE = YES;
				CLANG_WARN__DUPLICATE_METHOD_MATCH = YES;
				COPY_PHASE_STRIP = NO;
				DEBUG_INFORMATION_FORMAT = dwarf;
				ENABLE_STRICT_OBJC_MSGSEND = YES;
				ENABLE_TESTABILITY = YES;
				GCC_C_LANGUAGE_STANDARD = gnu11;
				GCC_DYNAMIC_NO_PIC = NO;
				GCC_NO_COMMON_BLOCKS = YES;
				GCC_OPTIMIZATION_LEVEL = 0;
				GCC_PREPROCESSOR_DEFINITIONS = (
					"DEBUG=1",
					"$(inherited)",
				);
				GCC_WARN_64_TO_32_BIT_CONVERSION = YES;
				GCC_WARN_ABOUT_RETURN_TYPE = YES_ERROR;
				GCC_WARN_UNDECLARED_SELECTOR = YES;
				GCC_WARN_UNINITIALIZED_AUTOS = YES_AGGRESSIVE;
				GCC_WARN_UNUSED_FUNCTION = YES;
				GCC_WARN_UNUSED_VARIABLE = YES;
				IPHONEOS_DEPLOYMENT_TARGET = 14.3;
				MTL_ENABLE_DEBUG_INFO = INCLUDE_SOURCE;
				MTL_FAST_MATH = YES;
				ONLY_ACTIVE_ARCH = YES;
				SDKROOT = iphoneos;
				SWIFT_ACTIVE_COMPILATION_CONDITIONS = DEBUG;
				SWIFT_OPTIMIZATION_LEVEL = "-Onone";
			};
			name = Debug;
		};
		87810C7E2595D303000C080F /* Release */ = {
			isa = XCBuildConfiguration;
			buildSettings = {
				ALWAYS_SEARCH_USER_PATHS = NO;
				CLANG_ANALYZER_NONNULL = YES;
				CLANG_ANALYZER_NUMBER_OBJECT_CONVERSION = YES_AGGRESSIVE;
				CLANG_CXX_LANGUAGE_STANDARD = "gnu++14";
				CLANG_CXX_LIBRARY = "libc++";
				CLANG_ENABLE_MODULES = YES;
				CLANG_ENABLE_OBJC_ARC = YES;
				CLANG_ENABLE_OBJC_WEAK = YES;
				CLANG_WARN_BLOCK_CAPTURE_AUTORELEASING = YES;
				CLANG_WARN_BOOL_CONVERSION = YES;
				CLANG_WARN_COMMA = YES;
				CLANG_WARN_CONSTANT_CONVERSION = YES;
				CLANG_WARN_DEPRECATED_OBJC_IMPLEMENTATIONS = YES;
				CLANG_WARN_DIRECT_OBJC_ISA_USAGE = YES_ERROR;
				CLANG_WARN_DOCUMENTATION_COMMENTS = YES;
				CLANG_WARN_EMPTY_BODY = YES;
				CLANG_WARN_ENUM_CONVERSION = YES;
				CLANG_WARN_INFINITE_RECURSION = YES;
				CLANG_WARN_INT_CONVERSION = YES;
				CLANG_WARN_NON_LITERAL_NULL_CONVERSION = YES;
				CLANG_WARN_OBJC_IMPLICIT_RETAIN_SELF = YES;
				CLANG_WARN_OBJC_LITERAL_CONVERSION = YES;
				CLANG_WARN_OBJC_ROOT_CLASS = YES_ERROR;
				CLANG_WARN_QUOTED_INCLUDE_IN_FRAMEWORK_HEADER = YES;
				CLANG_WARN_RANGE_LOOP_ANALYSIS = YES;
				CLANG_WARN_STRICT_PROTOTYPES = YES;
				CLANG_WARN_SUSPICIOUS_MOVE = YES;
				CLANG_WARN_UNGUARDED_AVAILABILITY = YES_AGGRESSIVE;
				CLANG_WARN_UNREACHABLE_CODE = YES;
				CLANG_WARN__DUPLICATE_METHOD_MATCH = YES;
				COPY_PHASE_STRIP = NO;
				DEBUG_INFORMATION_FORMAT = "dwarf-with-dsym";
				ENABLE_NS_ASSERTIONS = NO;
				ENABLE_STRICT_OBJC_MSGSEND = YES;
				GCC_C_LANGUAGE_STANDARD = gnu11;
				GCC_NO_COMMON_BLOCKS = YES;
				GCC_WARN_64_TO_32_BIT_CONVERSION = YES;
				GCC_WARN_ABOUT_RETURN_TYPE = YES_ERROR;
				GCC_WARN_UNDECLARED_SELECTOR = YES;
				GCC_WARN_UNINITIALIZED_AUTOS = YES_AGGRESSIVE;
				GCC_WARN_UNUSED_FUNCTION = YES;
				GCC_WARN_UNUSED_VARIABLE = YES;
				IPHONEOS_DEPLOYMENT_TARGET = 14.3;
				MTL_ENABLE_DEBUG_INFO = NO;
				MTL_FAST_MATH = YES;
				SDKROOT = iphoneos;
				SWIFT_COMPILATION_MODE = wholemodule;
				SWIFT_OPTIMIZATION_LEVEL = "-O";
				VALIDATE_PRODUCT = YES;
			};
			name = Release;
		};
		87810C802595D303000C080F /* Debug */ = {
			isa = XCBuildConfiguration;
			buildSettings = {
				ASSETCATALOG_COMPILER_APPICON_NAME = AppIcon;
				ASSETCATALOG_COMPILER_GLOBAL_ACCENT_COLOR_NAME = AccentColor;
				CODE_SIGN_STYLE = Automatic;
				DEVELOPMENT_ASSET_PATHS = "\"Instafilter/Preview Content\"";
				DEVELOPMENT_TEAM = 2EDDZGZ55S;
				ENABLE_PREVIEWS = YES;
				INFOPLIST_FILE = Instafilter/Info.plist;
				LD_RUNPATH_SEARCH_PATHS = (
					"$(inherited)",
					"@executable_path/Frameworks",
				);
				PRODUCT_BUNDLE_IDENTIFIER = "jandaur.anmol-gmail.com.Instafilter";
				PRODUCT_NAME = "$(TARGET_NAME)";
				SWIFT_VERSION = 5.0;
				TARGETED_DEVICE_FAMILY = "1,2";
			};
			name = Debug;
		};
		87810C812595D303000C080F /* Release */ = {
			isa = XCBuildConfiguration;
			buildSettings = {
				ASSETCATALOG_COMPILER_APPICON_NAME = AppIcon;
				ASSETCATALOG_COMPILER_GLOBAL_ACCENT_COLOR_NAME = AccentColor;
				CODE_SIGN_STYLE = Automatic;
				DEVELOPMENT_ASSET_PATHS = "\"Instafilter/Preview Content\"";
				DEVELOPMENT_TEAM = 2EDDZGZ55S;
				ENABLE_PREVIEWS = YES;
				INFOPLIST_FILE = Instafilter/Info.plist;
				LD_RUNPATH_SEARCH_PATHS = (
					"$(inherited)",
					"@executable_path/Frameworks",
				);
				PRODUCT_BUNDLE_IDENTIFIER = "jandaur.anmol-gmail.com.Instafilter";
				PRODUCT_NAME = "$(TARGET_NAME)";
				SWIFT_VERSION = 5.0;
				TARGETED_DEVICE_FAMILY = "1,2";
			};
			name = Release;
		};
		87810C832595D303000C080F /* Debug */ = {
			isa = XCBuildConfiguration;
			buildSettings = {
				ALWAYS_EMBED_SWIFT_STANDARD_LIBRARIES = YES;
				BUNDLE_LOADER = "$(TEST_HOST)";
				CODE_SIGN_STYLE = Automatic;
				DEVELOPMENT_TEAM = 2EDDZGZ55S;
				INFOPLIST_FILE = InstafilterTests/Info.plist;
				IPHONEOS_DEPLOYMENT_TARGET = 14.3;
				LD_RUNPATH_SEARCH_PATHS = (
					"$(inherited)",
					"@executable_path/Frameworks",
					"@loader_path/Frameworks",
				);
				PRODUCT_BUNDLE_IDENTIFIER = "jandaur.anmol-gmail.com.InstafilterTests";
				PRODUCT_NAME = "$(TARGET_NAME)";
				SWIFT_VERSION = 5.0;
				TARGETED_DEVICE_FAMILY = "1,2";
				TEST_HOST = "$(BUILT_PRODUCTS_DIR)/Instafilter.app/Instafilter";
			};
			name = Debug;
		};
		87810C842595D303000C080F /* Release */ = {
			isa = XCBuildConfiguration;
			buildSettings = {
				ALWAYS_EMBED_SWIFT_STANDARD_LIBRARIES = YES;
				BUNDLE_LOADER = "$(TEST_HOST)";
				CODE_SIGN_STYLE = Automatic;
				DEVELOPMENT_TEAM = 2EDDZGZ55S;
				INFOPLIST_FILE = InstafilterTests/Info.plist;
				IPHONEOS_DEPLOYMENT_TARGET = 14.3;
				LD_RUNPATH_SEARCH_PATHS = (
					"$(inherited)",
					"@executable_path/Frameworks",
					"@loader_path/Frameworks",
				);
				PRODUCT_BUNDLE_IDENTIFIER = "jandaur.anmol-gmail.com.InstafilterTests";
				PRODUCT_NAME = "$(TARGET_NAME)";
				SWIFT_VERSION = 5.0;
				TARGETED_DEVICE_FAMILY = "1,2";
				TEST_HOST = "$(BUILT_PRODUCTS_DIR)/Instafilter.app/Instafilter";
			};
			name = Release;
		};
		87810C862595D303000C080F /* Debug */ = {
			isa = XCBuildConfiguration;
			buildSettings = {
				ALWAYS_EMBED_SWIFT_STANDARD_LIBRARIES = YES;
				CODE_SIGN_STYLE = Automatic;
				DEVELOPMENT_TEAM = 2EDDZGZ55S;
				INFOPLIST_FILE = InstafilterUITests/Info.plist;
				LD_RUNPATH_SEARCH_PATHS = (
					"$(inherited)",
					"@executable_path/Frameworks",
					"@loader_path/Frameworks",
				);
				PRODUCT_BUNDLE_IDENTIFIER = "jandaur.anmol-gmail.com.InstafilterUITests";
				PRODUCT_NAME = "$(TARGET_NAME)";
				SWIFT_VERSION = 5.0;
				TARGETED_DEVICE_FAMILY = "1,2";
				TEST_TARGET_NAME = Instafilter;
			};
			name = Debug;
		};
		87810C872595D303000C080F /* Release */ = {
			isa = XCBuildConfiguration;
			buildSettings = {
				ALWAYS_EMBED_SWIFT_STANDARD_LIBRARIES = YES;
				CODE_SIGN_STYLE = Automatic;
				DEVELOPMENT_TEAM = 2EDDZGZ55S;
				INFOPLIST_FILE = InstafilterUITests/Info.plist;
				LD_RUNPATH_SEARCH_PATHS = (
					"$(inherited)",
					"@executable_path/Frameworks",
					"@loader_path/Frameworks",
				);
				PRODUCT_BUNDLE_IDENTIFIER = "jandaur.anmol-gmail.com.InstafilterUITests";
				PRODUCT_NAME = "$(TARGET_NAME)";
				SWIFT_VERSION = 5.0;
				TARGETED_DEVICE_FAMILY = "1,2";
				TEST_TARGET_NAME = Instafilter;
			};
			name = Release;
		};
/* End XCBuildConfiguration section */

/* Begin XCConfigurationList section */
		87810C4D2595D2FF000C080F /* Build configuration list for PBXProject "Instafilter" */ = {
			isa = XCConfigurationList;
			buildConfigurations = (
				87810C7D2595D303000C080F /* Debug */,
				87810C7E2595D303000C080F /* Release */,
			);
			defaultConfigurationIsVisible = 0;
			defaultConfigurationName = Release;
		};
		87810C7F2595D303000C080F /* Build configuration list for PBXNativeTarget "Instafilter" */ = {
			isa = XCConfigurationList;
			buildConfigurations = (
				87810C802595D303000C080F /* Debug */,
				87810C812595D303000C080F /* Release */,
			);
			defaultConfigurationIsVisible = 0;
			defaultConfigurationName = Release;
		};
		87810C822595D303000C080F /* Build configuration list for PBXNativeTarget "InstafilterTests" */ = {
			isa = XCConfigurationList;
			buildConfigurations = (
				87810C832595D303000C080F /* Debug */,
				87810C842595D303000C080F /* Release */,
			);
			defaultConfigurationIsVisible = 0;
			defaultConfigurationName = Release;
		};
		87810C852595D303000C080F /* Build configuration list for PBXNativeTarget "InstafilterUITests" */ = {
			isa = XCConfigurationList;
			buildConfigurations = (
				87810C862595D303000C080F /* Debug */,
				87810C872595D303000C080F /* Release */,
			);
			defaultConfigurationIsVisible = 0;
			defaultConfigurationName = Release;
		};
/* End XCConfigurationList section */

/* Begin XCVersionGroup section */
		87810C5B2595D2FF000C080F /* Instafilter.xcdatamodeld */ = {
			isa = XCVersionGroup;
			children = (
				87810C5C2595D2FF000C080F /* Instafilter.xcdatamodel */,
			);
			currentVersion = 87810C5C2595D2FF000C080F /* Instafilter.xcdatamodel */;
			path = Instafilter.xcdatamodeld;
			sourceTree = "<group>";
			versionGroupType = wrapper.xcdatamodel;
		};
/* End XCVersionGroup section */
	};
	rootObject = 87810C4A2595D2FF000C080F /* Project object */;
}
